// !$*UTF8*$!
{
	archiveVersion = 1;
	classes = {
	};
	objectVersion = 52;
	objects = {

/* Begin PBXBuildFile section */
		2F45B7FA2601200F0089DB19 /* AppDelegate.swift in Sources */ = {isa = PBXBuildFile; fileRef = 2F45B7F92601200F0089DB19 /* AppDelegate.swift */; };
		2F45B7FC2601200F0089DB19 /* SceneDelegate.swift in Sources */ = {isa = PBXBuildFile; fileRef = 2F45B7FB2601200F0089DB19 /* SceneDelegate.swift */; };
		2F45B7FE2601200F0089DB19 /* ExpansionsViewController.swift in Sources */ = {isa = PBXBuildFile; fileRef = 2F45B7FD2601200F0089DB19 /* ExpansionsViewController.swift */; };
		2F45B8042601200F0089DB19 /* BootcampMagic.xcdatamodeld in Sources */ = {isa = PBXBuildFile; fileRef = 2F45B8022601200F0089DB19 /* BootcampMagic.xcdatamodeld */; };
		2F45B806260120120089DB19 /* Assets.xcassets in Resources */ = {isa = PBXBuildFile; fileRef = 2F45B805260120120089DB19 /* Assets.xcassets */; };
		2F45B809260120120089DB19 /* LaunchScreen.storyboard in Resources */ = {isa = PBXBuildFile; fileRef = 2F45B807260120120089DB19 /* LaunchScreen.storyboard */; };
		2F45B814260120120089DB19 /* BootcampMagicTests.swift in Sources */ = {isa = PBXBuildFile; fileRef = 2F45B813260120120089DB19 /* BootcampMagicTests.swift */; };
		2F45B81F260120120089DB19 /* BootcampMagicUITests.swift in Sources */ = {isa = PBXBuildFile; fileRef = 2F45B81E260120120089DB19 /* BootcampMagicUITests.swift */; };
		2F68264C2603D11900487187 /* SnapKit in Frameworks */ = {isa = PBXBuildFile; productRef = 2F68264B2603D11900487187 /* SnapKit */; };
		2F6C8F992608DDE600FD65C8 /* ExpansionsView.swift in Sources */ = {isa = PBXBuildFile; fileRef = 2F6C8F982608DDE600FD65C8 /* ExpansionsView.swift */; };
		2F6EFD30260B7A160011F6A9 /* Kingfisher in Frameworks */ = {isa = PBXBuildFile; productRef = 2F6EFD2F260B7A160011F6A9 /* Kingfisher */; };
		2F6EFD3B260BB2730011F6A9 /* HeaderSection.swift in Sources */ = {isa = PBXBuildFile; fileRef = 2F6EFD3A260BB2730011F6A9 /* HeaderSection.swift */; };
		2F74B9D02603DB0A0091127D /* ExpansionTableViewCell.swift in Sources */ = {isa = PBXBuildFile; fileRef = 2F74B9CF2603DB0A0091127D /* ExpansionTableViewCell.swift */; };
		2F95048B26092BA20033FAAA /* CardsListView.swift in Sources */ = {isa = PBXBuildFile; fileRef = 2F95048A26092BA20033FAAA /* CardsListView.swift */; };
		2F950498260A27690033FAAA /* CardCollectionViewCell.swift in Sources */ = {isa = PBXBuildFile; fileRef = 2F950497260A27690033FAAA /* CardCollectionViewCell.swift */; };
		2F9504A5260A306A0033FAAA /* CardsViewController.swift in Sources */ = {isa = PBXBuildFile; fileRef = 2F9504A4260A306A0033FAAA /* CardsViewController.swift */; };
		2FAC567F2603D56100E9D82D /* ViewCode.swift in Sources */ = {isa = PBXBuildFile; fileRef = 2FAC567E2603D56100E9D82D /* ViewCode.swift */; };
		2FC5D46826090A3C00C13691 /* Typography.swift in Sources */ = {isa = PBXBuildFile; fileRef = 2FC5D46626090A3C00C13691 /* Typography.swift */; };
		2FC5D46926090A3C00C13691 /* Colors.swift in Sources */ = {isa = PBXBuildFile; fileRef = 2FC5D46726090A3C00C13691 /* Colors.swift */; };
		2FD0DD9426051DB300D3ABDF /* Section.swift in Sources */ = {isa = PBXBuildFile; fileRef = 2FD0DD9326051DB300D3ABDF /* Section.swift */; };
		2FE7D5D92602722C00DEEC2A /* Card.swift in Sources */ = {isa = PBXBuildFile; fileRef = 2FE7D5D72602722C00DEEC2A /* Card.swift */; };
		2FE7D5DA2602722C00DEEC2A /* Response.swift in Sources */ = {isa = PBXBuildFile; fileRef = 2FE7D5D82602722C00DEEC2A /* Response.swift */; };
		2FE7D5EF2602727400DEEC2A /* NetworkManager.swift in Sources */ = {isa = PBXBuildFile; fileRef = 2FE7D5EE2602727400DEEC2A /* NetworkManager.swift */; };
		2FE7D5F426027C8F00DEEC2A /* Expansion.swift in Sources */ = {isa = PBXBuildFile; fileRef = 2FE7D5F326027C8F00DEEC2A /* Expansion.swift */; };
		486E5D462603EECA00805009 /* CustomViewController.swift in Sources */ = {isa = PBXBuildFile; fileRef = 486E5D452603EECA00805009 /* CustomViewController.swift */; };
		4888FBB92602DD5500ED635D /* ProjectTabBarController.swift in Sources */ = {isa = PBXBuildFile; fileRef = 4888FBB82602DD5500ED635D /* ProjectTabBarController.swift */; };
		4888FBC126038B4000ED635D /* FavoritesViewController.swift in Sources */ = {isa = PBXBuildFile; fileRef = 4888FBC026038B4000ED635D /* FavoritesViewController.swift */; };
		48BD6AE82603C693005537D2 /* Roboto-Bold.ttf in Resources */ = {isa = PBXBuildFile; fileRef = 48BD6AE72603C693005537D2 /* Roboto-Bold.ttf */; };
/* End PBXBuildFile section */

/* Begin PBXContainerItemProxy section */
		2F45B810260120120089DB19 /* PBXContainerItemProxy */ = {
			isa = PBXContainerItemProxy;
			containerPortal = 2F45B7EE2601200F0089DB19 /* Project object */;
			proxyType = 1;
			remoteGlobalIDString = 2F45B7F52601200F0089DB19;
			remoteInfo = BootcampMagic;
		};
		2F45B81B260120120089DB19 /* PBXContainerItemProxy */ = {
			isa = PBXContainerItemProxy;
			containerPortal = 2F45B7EE2601200F0089DB19 /* Project object */;
			proxyType = 1;
			remoteGlobalIDString = 2F45B7F52601200F0089DB19;
			remoteInfo = BootcampMagic;
		};
/* End PBXContainerItemProxy section */

/* Begin PBXFileReference section */
		2F45B7F62601200F0089DB19 /* BootcampMagic.app */ = {isa = PBXFileReference; explicitFileType = wrapper.application; includeInIndex = 0; path = BootcampMagic.app; sourceTree = BUILT_PRODUCTS_DIR; };
		2F45B7F92601200F0089DB19 /* AppDelegate.swift */ = {isa = PBXFileReference; lastKnownFileType = sourcecode.swift; path = AppDelegate.swift; sourceTree = "<group>"; };
		2F45B7FB2601200F0089DB19 /* SceneDelegate.swift */ = {isa = PBXFileReference; lastKnownFileType = sourcecode.swift; path = SceneDelegate.swift; sourceTree = "<group>"; };
		2F45B7FD2601200F0089DB19 /* ExpansionsViewController.swift */ = {isa = PBXFileReference; lastKnownFileType = sourcecode.swift; path = ExpansionsViewController.swift; sourceTree = "<group>"; };
		2F45B8032601200F0089DB19 /* BootcampMagic.xcdatamodel */ = {isa = PBXFileReference; lastKnownFileType = wrapper.xcdatamodel; path = BootcampMagic.xcdatamodel; sourceTree = "<group>"; };
		2F45B805260120120089DB19 /* Assets.xcassets */ = {isa = PBXFileReference; lastKnownFileType = folder.assetcatalog; path = Assets.xcassets; sourceTree = "<group>"; };
		2F45B808260120120089DB19 /* Base */ = {isa = PBXFileReference; lastKnownFileType = file.storyboard; name = Base; path = Base.lproj/LaunchScreen.storyboard; sourceTree = "<group>"; };
		2F45B80A260120120089DB19 /* Info.plist */ = {isa = PBXFileReference; lastKnownFileType = text.plist.xml; path = Info.plist; sourceTree = "<group>"; };
		2F45B80F260120120089DB19 /* BootcampMagicTests.xctest */ = {isa = PBXFileReference; explicitFileType = wrapper.cfbundle; includeInIndex = 0; path = BootcampMagicTests.xctest; sourceTree = BUILT_PRODUCTS_DIR; };
		2F45B813260120120089DB19 /* BootcampMagicTests.swift */ = {isa = PBXFileReference; lastKnownFileType = sourcecode.swift; path = BootcampMagicTests.swift; sourceTree = "<group>"; };
		2F45B815260120120089DB19 /* Info.plist */ = {isa = PBXFileReference; lastKnownFileType = text.plist.xml; path = Info.plist; sourceTree = "<group>"; };
		2F45B81A260120120089DB19 /* BootcampMagicUITests.xctest */ = {isa = PBXFileReference; explicitFileType = wrapper.cfbundle; includeInIndex = 0; path = BootcampMagicUITests.xctest; sourceTree = BUILT_PRODUCTS_DIR; };
		2F45B81E260120120089DB19 /* BootcampMagicUITests.swift */ = {isa = PBXFileReference; lastKnownFileType = sourcecode.swift; path = BootcampMagicUITests.swift; sourceTree = "<group>"; };
		2F45B820260120120089DB19 /* Info.plist */ = {isa = PBXFileReference; lastKnownFileType = text.plist.xml; path = Info.plist; sourceTree = "<group>"; };
		2F6C8F982608DDE600FD65C8 /* ExpansionsView.swift */ = {isa = PBXFileReference; lastKnownFileType = sourcecode.swift; path = ExpansionsView.swift; sourceTree = "<group>"; };
		2F6EFD3A260BB2730011F6A9 /* HeaderSection.swift */ = {isa = PBXFileReference; lastKnownFileType = sourcecode.swift; path = HeaderSection.swift; sourceTree = "<group>"; };
		2F74B9CF2603DB0A0091127D /* ExpansionTableViewCell.swift */ = {isa = PBXFileReference; lastKnownFileType = sourcecode.swift; path = ExpansionTableViewCell.swift; sourceTree = "<group>"; };
		2F95048A26092BA20033FAAA /* CardsListView.swift */ = {isa = PBXFileReference; lastKnownFileType = sourcecode.swift; path = CardsListView.swift; sourceTree = "<group>"; };
		2F950497260A27690033FAAA /* CardCollectionViewCell.swift */ = {isa = PBXFileReference; lastKnownFileType = sourcecode.swift; path = CardCollectionViewCell.swift; sourceTree = "<group>"; };
		2F9504A4260A306A0033FAAA /* CardsViewController.swift */ = {isa = PBXFileReference; lastKnownFileType = sourcecode.swift; path = CardsViewController.swift; sourceTree = "<group>"; };
		2FAC567E2603D56100E9D82D /* ViewCode.swift */ = {isa = PBXFileReference; lastKnownFileType = sourcecode.swift; path = ViewCode.swift; sourceTree = "<group>"; };
		2FC5D46626090A3C00C13691 /* Typography.swift */ = {isa = PBXFileReference; fileEncoding = 4; lastKnownFileType = sourcecode.swift; path = Typography.swift; sourceTree = "<group>"; };
		2FC5D46726090A3C00C13691 /* Colors.swift */ = {isa = PBXFileReference; fileEncoding = 4; lastKnownFileType = sourcecode.swift; path = Colors.swift; sourceTree = "<group>"; };
		2FD0DD9326051DB300D3ABDF /* Section.swift */ = {isa = PBXFileReference; lastKnownFileType = sourcecode.swift; path = Section.swift; sourceTree = "<group>"; };
		2FE7D5D72602722C00DEEC2A /* Card.swift */ = {isa = PBXFileReference; fileEncoding = 4; lastKnownFileType = sourcecode.swift; path = Card.swift; sourceTree = "<group>"; };
		2FE7D5D82602722C00DEEC2A /* Response.swift */ = {isa = PBXFileReference; fileEncoding = 4; lastKnownFileType = sourcecode.swift; path = Response.swift; sourceTree = "<group>"; };
		2FE7D5EE2602727400DEEC2A /* NetworkManager.swift */ = {isa = PBXFileReference; fileEncoding = 4; lastKnownFileType = sourcecode.swift; path = NetworkManager.swift; sourceTree = "<group>"; };
		2FE7D5F326027C8F00DEEC2A /* Expansion.swift */ = {isa = PBXFileReference; lastKnownFileType = sourcecode.swift; path = Expansion.swift; sourceTree = "<group>"; };
		486E5D452603EECA00805009 /* CustomViewController.swift */ = {isa = PBXFileReference; lastKnownFileType = sourcecode.swift; path = CustomViewController.swift; sourceTree = "<group>"; };
		4888FBB82602DD5500ED635D /* ProjectTabBarController.swift */ = {isa = PBXFileReference; lastKnownFileType = sourcecode.swift; path = ProjectTabBarController.swift; sourceTree = "<group>"; };
		4888FBC026038B4000ED635D /* FavoritesViewController.swift */ = {isa = PBXFileReference; lastKnownFileType = sourcecode.swift; path = FavoritesViewController.swift; sourceTree = "<group>"; };
		48BD6AE72603C693005537D2 /* Roboto-Bold.ttf */ = {isa = PBXFileReference; lastKnownFileType = file; path = "Roboto-Bold.ttf"; sourceTree = "<group>"; };
/* End PBXFileReference section */

/* Begin PBXFrameworksBuildPhase section */
		2F45B7F32601200F0089DB19 /* Frameworks */ = {
			isa = PBXFrameworksBuildPhase;
			buildActionMask = 2147483647;
			files = (
				2F6EFD30260B7A160011F6A9 /* Kingfisher in Frameworks */,
				2F68264C2603D11900487187 /* SnapKit in Frameworks */,
			);
			runOnlyForDeploymentPostprocessing = 0;
		};
		2F45B80C260120120089DB19 /* Frameworks */ = {
			isa = PBXFrameworksBuildPhase;
			buildActionMask = 2147483647;
			files = (
			);
			runOnlyForDeploymentPostprocessing = 0;
		};
		2F45B817260120120089DB19 /* Frameworks */ = {
			isa = PBXFrameworksBuildPhase;
			buildActionMask = 2147483647;
			files = (
			);
			runOnlyForDeploymentPostprocessing = 0;
		};
/* End PBXFrameworksBuildPhase section */

/* Begin PBXGroup section */
		2F45B7ED2601200F0089DB19 = {
			isa = PBXGroup;
			children = (
				2F45B7F82601200F0089DB19 /* BootcampMagic */,
				2F45B812260120120089DB19 /* BootcampMagicTests */,
				2F45B81D260120120089DB19 /* BootcampMagicUITests */,
				2F45B7F72601200F0089DB19 /* Products */,
			);
			sourceTree = "<group>";
		};
		2F45B7F72601200F0089DB19 /* Products */ = {
			isa = PBXGroup;
			children = (
				2F45B7F62601200F0089DB19 /* BootcampMagic.app */,
				2F45B80F260120120089DB19 /* BootcampMagicTests.xctest */,
				2F45B81A260120120089DB19 /* BootcampMagicUITests.xctest */,
			);
			name = Products;
			sourceTree = "<group>";
		};
		2F45B7F82601200F0089DB19 /* BootcampMagic */ = {
			isa = PBXGroup;
			children = (
				2FC4BA352602467A008003BF /* Controller */,
				2FC4BA3426024675008003BF /* View */,
				2FC4BA3226024649008003BF /* Network */,
				2FC4BA3126024640008003BF /* Model */,
				2FAC567C2603D54400E9D82D /* Utils */,
				2F45B7FB2601200F0089DB19 /* SceneDelegate.swift */,
				2F45B7F92601200F0089DB19 /* AppDelegate.swift */,
				2F45B805260120120089DB19 /* Assets.xcassets */,
				2F45B807260120120089DB19 /* LaunchScreen.storyboard */,
				2F45B80A260120120089DB19 /* Info.plist */,
				2F45B8022601200F0089DB19 /* BootcampMagic.xcdatamodeld */,
				48BD6AE62603C654005537D2 /* Fontes */,
			);
			path = BootcampMagic;
			sourceTree = "<group>";
		};
		2F45B812260120120089DB19 /* BootcampMagicTests */ = {
			isa = PBXGroup;
			children = (
				2F45B813260120120089DB19 /* BootcampMagicTests.swift */,
				2F45B815260120120089DB19 /* Info.plist */,
			);
			path = BootcampMagicTests;
			sourceTree = "<group>";
		};
		2F45B81D260120120089DB19 /* BootcampMagicUITests */ = {
			isa = PBXGroup;
			children = (
				2F45B81E260120120089DB19 /* BootcampMagicUITests.swift */,
				2F45B820260120120089DB19 /* Info.plist */,
			);
			path = BootcampMagicUITests;
			sourceTree = "<group>";
		};
		2F6C8F972608DDBC00FD65C8 /* Expantions */ = {
			isa = PBXGroup;
			children = (
				2F6C8F982608DDE600FD65C8 /* ExpansionsView.swift */,
				2F74B9CF2603DB0A0091127D /* ExpansionTableViewCell.swift */,
			);
			path = Expantions;
			sourceTree = "<group>";
		};
		2FAC567C2603D54400E9D82D /* Utils */ = {
			isa = PBXGroup;
			children = (
				2FAC567E2603D56100E9D82D /* ViewCode.swift */,
			);
			path = Utils;
			sourceTree = "<group>";
		};
		2FBC6D8E260A62E20016F209 /* Cards */ = {
			isa = PBXGroup;
			children = (
				2F95048A26092BA20033FAAA /* CardsListView.swift */,
				2F950497260A27690033FAAA /* CardCollectionViewCell.swift */,
			);
			path = Cards;
			sourceTree = "<group>";
		};
		2FC4BA3126024640008003BF /* Model */ = {
			isa = PBXGroup;
			children = (
				2FE7D5D72602722C00DEEC2A /* Card.swift */,
				2FE7D5F326027C8F00DEEC2A /* Expansion.swift */,
				2FE7D5D82602722C00DEEC2A /* Response.swift */,
				2FD0DD9326051DB300D3ABDF /* Section.swift */,
				48F605502608E3B80008643B /* Design */,
			);
			path = Model;
			sourceTree = "<group>";
		};
		2FC4BA3226024649008003BF /* Network */ = {
			isa = PBXGroup;
			children = (
				2FE7D5EE2602727400DEEC2A /* NetworkManager.swift */,
			);
			path = Network;
			sourceTree = "<group>";
		};
		2FC4BA3426024675008003BF /* View */ = {
			isa = PBXGroup;
			children = (
				2F6EFD3A260BB2730011F6A9 /* HeaderSection.swift */,
				2FBC6D8E260A62E20016F209 /* Cards */,
				2F6C8F972608DDBC00FD65C8 /* Expantions */,
			);
			path = View;
			sourceTree = "<group>";
		};
		2FC4BA352602467A008003BF /* Controller */ = {
			isa = PBXGroup;
			children = (
				4888FBB82602DD5500ED635D /* ProjectTabBarController.swift */,
				2F45B7FD2601200F0089DB19 /* ExpansionsViewController.swift */,
				4888FBC026038B4000ED635D /* FavoritesViewController.swift */,
				486E5D452603EECA00805009 /* CustomViewController.swift */,
				2F9504A4260A306A0033FAAA /* CardsViewController.swift */,
			);
			path = Controller;
			sourceTree = "<group>";
		};
		48BD6AE62603C654005537D2 /* Fontes */ = {
			isa = PBXGroup;
			children = (
				48BD6AE72603C693005537D2 /* Roboto-Bold.ttf */,
			);
			path = Fontes;
			sourceTree = "<group>";
		};
		48F605502608E3B80008643B /* Design */ = {
			isa = PBXGroup;
			children = (
				2FC5D46726090A3C00C13691 /* Colors.swift */,
				2FC5D46626090A3C00C13691 /* Typography.swift */,
			);
			path = Design;
			sourceTree = "<group>";
		};
/* End PBXGroup section */

/* Begin PBXNativeTarget section */
		2F45B7F52601200F0089DB19 /* BootcampMagic */ = {
			isa = PBXNativeTarget;
			buildConfigurationList = 2F45B823260120120089DB19 /* Build configuration list for PBXNativeTarget "BootcampMagic" */;
			buildPhases = (
				2F45B8362601238A0089DB19 /* SwiftLint */,
				2F45B7F22601200F0089DB19 /* Sources */,
				2F45B7F32601200F0089DB19 /* Frameworks */,
				2F45B7F42601200F0089DB19 /* Resources */,
			);
			buildRules = (
			);
			dependencies = (
			);
			name = BootcampMagic;
			packageProductDependencies = (
				2F68264B2603D11900487187 /* SnapKit */,
				2F6EFD2F260B7A160011F6A9 /* Kingfisher */,
			);
			productName = BootcampMagic;
			productReference = 2F45B7F62601200F0089DB19 /* BootcampMagic.app */;
			productType = "com.apple.product-type.application";
		};
		2F45B80E260120120089DB19 /* BootcampMagicTests */ = {
			isa = PBXNativeTarget;
			buildConfigurationList = 2F45B826260120120089DB19 /* Build configuration list for PBXNativeTarget "BootcampMagicTests" */;
			buildPhases = (
				2F45B80B260120120089DB19 /* Sources */,
				2F45B80C260120120089DB19 /* Frameworks */,
				2F45B80D260120120089DB19 /* Resources */,
			);
			buildRules = (
			);
			dependencies = (
				2F45B811260120120089DB19 /* PBXTargetDependency */,
			);
			name = BootcampMagicTests;
			productName = BootcampMagicTests;
			productReference = 2F45B80F260120120089DB19 /* BootcampMagicTests.xctest */;
			productType = "com.apple.product-type.bundle.unit-test";
		};
		2F45B819260120120089DB19 /* BootcampMagicUITests */ = {
			isa = PBXNativeTarget;
			buildConfigurationList = 2F45B829260120120089DB19 /* Build configuration list for PBXNativeTarget "BootcampMagicUITests" */;
			buildPhases = (
				2F45B816260120120089DB19 /* Sources */,
				2F45B817260120120089DB19 /* Frameworks */,
				2F45B818260120120089DB19 /* Resources */,
			);
			buildRules = (
			);
			dependencies = (
				2F45B81C260120120089DB19 /* PBXTargetDependency */,
			);
			name = BootcampMagicUITests;
			productName = BootcampMagicUITests;
			productReference = 2F45B81A260120120089DB19 /* BootcampMagicUITests.xctest */;
			productType = "com.apple.product-type.bundle.ui-testing";
		};
/* End PBXNativeTarget section */

/* Begin PBXProject section */
		2F45B7EE2601200F0089DB19 /* Project object */ = {
			isa = PBXProject;
			attributes = {
				LastSwiftUpdateCheck = 1240;
				LastUpgradeCheck = 1240;
				TargetAttributes = {
					2F45B7F52601200F0089DB19 = {
						CreatedOnToolsVersion = 12.4;
					};
					2F45B80E260120120089DB19 = {
						CreatedOnToolsVersion = 12.4;
						TestTargetID = 2F45B7F52601200F0089DB19;
					};
					2F45B819260120120089DB19 = {
						CreatedOnToolsVersion = 12.4;
						TestTargetID = 2F45B7F52601200F0089DB19;
					};
				};
			};
			buildConfigurationList = 2F45B7F12601200F0089DB19 /* Build configuration list for PBXProject "BootcampMagic" */;
			compatibilityVersion = "Xcode 9.3";
			developmentRegion = en;
			hasScannedForEncodings = 0;
			knownRegions = (
				en,
				Base,
			);
			mainGroup = 2F45B7ED2601200F0089DB19;
			packageReferences = (
				2F68264A2603D11900487187 /* XCRemoteSwiftPackageReference "SnapKit" */,
				2F6EFD2E260B7A160011F6A9 /* XCRemoteSwiftPackageReference "Kingfisher" */,
			);
			productRefGroup = 2F45B7F72601200F0089DB19 /* Products */;
			projectDirPath = "";
			projectRoot = "";
			targets = (
				2F45B7F52601200F0089DB19 /* BootcampMagic */,
				2F45B80E260120120089DB19 /* BootcampMagicTests */,
				2F45B819260120120089DB19 /* BootcampMagicUITests */,
			);
		};
/* End PBXProject section */

/* Begin PBXResourcesBuildPhase section */
		2F45B7F42601200F0089DB19 /* Resources */ = {
			isa = PBXResourcesBuildPhase;
			buildActionMask = 2147483647;
			files = (
				2F45B809260120120089DB19 /* LaunchScreen.storyboard in Resources */,
				2F45B806260120120089DB19 /* Assets.xcassets in Resources */,
				48BD6AE82603C693005537D2 /* Roboto-Bold.ttf in Resources */,
			);
			runOnlyForDeploymentPostprocessing = 0;
		};
		2F45B80D260120120089DB19 /* Resources */ = {
			isa = PBXResourcesBuildPhase;
			buildActionMask = 2147483647;
			files = (
			);
			runOnlyForDeploymentPostprocessing = 0;
		};
		2F45B818260120120089DB19 /* Resources */ = {
			isa = PBXResourcesBuildPhase;
			buildActionMask = 2147483647;
			files = (
			);
			runOnlyForDeploymentPostprocessing = 0;
		};
/* End PBXResourcesBuildPhase section */

/* Begin PBXShellScriptBuildPhase section */
		2F45B8362601238A0089DB19 /* SwiftLint */ = {
			isa = PBXShellScriptBuildPhase;
			buildActionMask = 2147483647;
			files = (
			);
			inputFileListPaths = (
			);
			inputPaths = (
			);
			name = SwiftLint;
			outputFileListPaths = (
			);
			outputPaths = (
			);
			runOnlyForDeploymentPostprocessing = 0;
			shellPath = /bin/sh;
			shellScript = "if which swiftlint >/dev/null; then\n  swiftlint\nelse\n  echo \"warning: SwiftLint not installed, download from https://github.com/realm/SwiftLint\"\nfi\n";
		};
/* End PBXShellScriptBuildPhase section */

/* Begin PBXSourcesBuildPhase section */
		2F45B7F22601200F0089DB19 /* Sources */ = {
			isa = PBXSourcesBuildPhase;
			buildActionMask = 2147483647;
			files = (
				2FE7D5F426027C8F00DEEC2A /* Expansion.swift in Sources */,
				486E5D462603EECA00805009 /* CustomViewController.swift in Sources */,
				2F45B8042601200F0089DB19 /* BootcampMagic.xcdatamodeld in Sources */,
				2FE7D5D92602722C00DEEC2A /* Card.swift in Sources */,
				2FE7D5DA2602722C00DEEC2A /* Response.swift in Sources */,
				2FE7D5EF2602727400DEEC2A /* NetworkManager.swift in Sources */,
				2F950498260A27690033FAAA /* CardCollectionViewCell.swift in Sources */,
				2F6C8F992608DDE600FD65C8 /* ExpansionsView.swift in Sources */,
				2F45B7FE2601200F0089DB19 /* ExpansionsViewController.swift in Sources */,
				2F45B7FA2601200F0089DB19 /* AppDelegate.swift in Sources */,
				2FAC567F2603D56100E9D82D /* ViewCode.swift in Sources */,
				2F6EFD3B260BB2730011F6A9 /* HeaderSection.swift in Sources */,
				2F9504A5260A306A0033FAAA /* CardsViewController.swift in Sources */,
				4888FBC126038B4000ED635D /* FavoritesViewController.swift in Sources */,
				2FC5D46926090A3C00C13691 /* Colors.swift in Sources */,
				2F45B7FC2601200F0089DB19 /* SceneDelegate.swift in Sources */,
				2FD0DD9426051DB300D3ABDF /* Section.swift in Sources */,
				4888FBB92602DD5500ED635D /* ProjectTabBarController.swift in Sources */,
				2FC5D46826090A3C00C13691 /* Typography.swift in Sources */,
				2F95048B26092BA20033FAAA /* CardsListView.swift in Sources */,
				2F74B9D02603DB0A0091127D /* ExpansionTableViewCell.swift in Sources */,
			);
			runOnlyForDeploymentPostprocessing = 0;
		};
		2F45B80B260120120089DB19 /* Sources */ = {
			isa = PBXSourcesBuildPhase;
			buildActionMask = 2147483647;
			files = (
				2F45B814260120120089DB19 /* BootcampMagicTests.swift in Sources */,
			);
			runOnlyForDeploymentPostprocessing = 0;
		};
		2F45B816260120120089DB19 /* Sources */ = {
			isa = PBXSourcesBuildPhase;
			buildActionMask = 2147483647;
			files = (
				2F45B81F260120120089DB19 /* BootcampMagicUITests.swift in Sources */,
			);
			runOnlyForDeploymentPostprocessing = 0;
		};
/* End PBXSourcesBuildPhase section */

/* Begin PBXTargetDependency section */
		2F45B811260120120089DB19 /* PBXTargetDependency */ = {
			isa = PBXTargetDependency;
			target = 2F45B7F52601200F0089DB19 /* BootcampMagic */;
			targetProxy = 2F45B810260120120089DB19 /* PBXContainerItemProxy */;
		};
		2F45B81C260120120089DB19 /* PBXTargetDependency */ = {
			isa = PBXTargetDependency;
			target = 2F45B7F52601200F0089DB19 /* BootcampMagic */;
			targetProxy = 2F45B81B260120120089DB19 /* PBXContainerItemProxy */;
		};
/* End PBXTargetDependency section */

/* Begin PBXVariantGroup section */
		2F45B807260120120089DB19 /* LaunchScreen.storyboard */ = {
			isa = PBXVariantGroup;
			children = (
				2F45B808260120120089DB19 /* Base */,
			);
			name = LaunchScreen.storyboard;
			sourceTree = "<group>";
		};
/* End PBXVariantGroup section */

/* Begin XCBuildConfiguration section */
		2F45B821260120120089DB19 /* Debug */ = {
			isa = XCBuildConfiguration;
			buildSettings = {
				ALWAYS_SEARCH_USER_PATHS = NO;
				CLANG_ANALYZER_NONNULL = YES;
				CLANG_ANALYZER_NUMBER_OBJECT_CONVERSION = YES_AGGRESSIVE;
				CLANG_CXX_LANGUAGE_STANDARD = "gnu++14";
				CLANG_CXX_LIBRARY = "libc++";
				CLANG_ENABLE_MODULES = YES;
				CLANG_ENABLE_OBJC_ARC = YES;
				CLANG_ENABLE_OBJC_WEAK = YES;
				CLANG_WARN_BLOCK_CAPTURE_AUTORELEASING = YES;
				CLANG_WARN_BOOL_CONVERSION = YES;
				CLANG_WARN_COMMA = YES;
				CLANG_WARN_CONSTANT_CONVERSION = YES;
				CLANG_WARN_DEPRECATED_OBJC_IMPLEMENTATIONS = YES;
				CLANG_WARN_DIRECT_OBJC_ISA_USAGE = YES_ERROR;
				CLANG_WARN_DOCUMENTATION_COMMENTS = YES;
				CLANG_WARN_EMPTY_BODY = YES;
				CLANG_WARN_ENUM_CONVERSION = YES;
				CLANG_WARN_INFINITE_RECURSION = YES;
				CLANG_WARN_INT_CONVERSION = YES;
				CLANG_WARN_NON_LITERAL_NULL_CONVERSION = YES;
				CLANG_WARN_OBJC_IMPLICIT_RETAIN_SELF = YES;
				CLANG_WARN_OBJC_LITERAL_CONVERSION = YES;
				CLANG_WARN_OBJC_ROOT_CLASS = YES_ERROR;
				CLANG_WARN_QUOTED_INCLUDE_IN_FRAMEWORK_HEADER = YES;
				CLANG_WARN_RANGE_LOOP_ANALYSIS = YES;
				CLANG_WARN_STRICT_PROTOTYPES = YES;
				CLANG_WARN_SUSPICIOUS_MOVE = YES;
				CLANG_WARN_UNGUARDED_AVAILABILITY = YES_AGGRESSIVE;
				CLANG_WARN_UNREACHABLE_CODE = YES;
				CLANG_WARN__DUPLICATE_METHOD_MATCH = YES;
				COPY_PHASE_STRIP = NO;
				DEBUG_INFORMATION_FORMAT = dwarf;
				ENABLE_STRICT_OBJC_MSGSEND = YES;
				ENABLE_TESTABILITY = YES;
				GCC_C_LANGUAGE_STANDARD = gnu11;
				GCC_DYNAMIC_NO_PIC = NO;
				GCC_NO_COMMON_BLOCKS = YES;
				GCC_OPTIMIZATION_LEVEL = 0;
				GCC_PREPROCESSOR_DEFINITIONS = (
					"DEBUG=1",
					"$(inherited)",
				);
				GCC_WARN_64_TO_32_BIT_CONVERSION = YES;
				GCC_WARN_ABOUT_RETURN_TYPE = YES_ERROR;
				GCC_WARN_UNDECLARED_SELECTOR = YES;
				GCC_WARN_UNINITIALIZED_AUTOS = YES_AGGRESSIVE;
				GCC_WARN_UNUSED_FUNCTION = YES;
				GCC_WARN_UNUSED_VARIABLE = YES;
				IPHONEOS_DEPLOYMENT_TARGET = 14.4;
				MTL_ENABLE_DEBUG_INFO = INCLUDE_SOURCE;
				MTL_FAST_MATH = YES;
				ONLY_ACTIVE_ARCH = YES;
				SDKROOT = iphoneos;
				SWIFT_ACTIVE_COMPILATION_CONDITIONS = DEBUG;
				SWIFT_OPTIMIZATION_LEVEL = "-Onone";
			};
			name = Debug;
		};
		2F45B822260120120089DB19 /* Release */ = {
			isa = XCBuildConfiguration;
			buildSettings = {
				ALWAYS_SEARCH_USER_PATHS = NO;
				CLANG_ANALYZER_NONNULL = YES;
				CLANG_ANALYZER_NUMBER_OBJECT_CONVERSION = YES_AGGRESSIVE;
				CLANG_CXX_LANGUAGE_STANDARD = "gnu++14";
				CLANG_CXX_LIBRARY = "libc++";
				CLANG_ENABLE_MODULES = YES;
				CLANG_ENABLE_OBJC_ARC = YES;
				CLANG_ENABLE_OBJC_WEAK = YES;
				CLANG_WARN_BLOCK_CAPTURE_AUTORELEASING = YES;
				CLANG_WARN_BOOL_CONVERSION = YES;
				CLANG_WARN_COMMA = YES;
				CLANG_WARN_CONSTANT_CONVERSION = YES;
				CLANG_WARN_DEPRECATED_OBJC_IMPLEMENTATIONS = YES;
				CLANG_WARN_DIRECT_OBJC_ISA_USAGE = YES_ERROR;
				CLANG_WARN_DOCUMENTATION_COMMENTS = YES;
				CLANG_WARN_EMPTY_BODY = YES;
				CLANG_WARN_ENUM_CONVERSION = YES;
				CLANG_WARN_INFINITE_RECURSION = YES;
				CLANG_WARN_INT_CONVERSION = YES;
				CLANG_WARN_NON_LITERAL_NULL_CONVERSION = YES;
				CLANG_WARN_OBJC_IMPLICIT_RETAIN_SELF = YES;
				CLANG_WARN_OBJC_LITERAL_CONVERSION = YES;
				CLANG_WARN_OBJC_ROOT_CLASS = YES_ERROR;
				CLANG_WARN_QUOTED_INCLUDE_IN_FRAMEWORK_HEADER = YES;
				CLANG_WARN_RANGE_LOOP_ANALYSIS = YES;
				CLANG_WARN_STRICT_PROTOTYPES = YES;
				CLANG_WARN_SUSPICIOUS_MOVE = YES;
				CLANG_WARN_UNGUARDED_AVAILABILITY = YES_AGGRESSIVE;
				CLANG_WARN_UNREACHABLE_CODE = YES;
				CLANG_WARN__DUPLICATE_METHOD_MATCH = YES;
				COPY_PHASE_STRIP = NO;
				DEBUG_INFORMATION_FORMAT = "dwarf-with-dsym";
				ENABLE_NS_ASSERTIONS = NO;
				ENABLE_STRICT_OBJC_MSGSEND = YES;
				GCC_C_LANGUAGE_STANDARD = gnu11;
				GCC_NO_COMMON_BLOCKS = YES;
				GCC_WARN_64_TO_32_BIT_CONVERSION = YES;
				GCC_WARN_ABOUT_RETURN_TYPE = YES_ERROR;
				GCC_WARN_UNDECLARED_SELECTOR = YES;
				GCC_WARN_UNINITIALIZED_AUTOS = YES_AGGRESSIVE;
				GCC_WARN_UNUSED_FUNCTION = YES;
				GCC_WARN_UNUSED_VARIABLE = YES;
				IPHONEOS_DEPLOYMENT_TARGET = 14.4;
				MTL_ENABLE_DEBUG_INFO = NO;
				MTL_FAST_MATH = YES;
				SDKROOT = iphoneos;
				SWIFT_COMPILATION_MODE = wholemodule;
				SWIFT_OPTIMIZATION_LEVEL = "-O";
				VALIDATE_PRODUCT = YES;
			};
			name = Release;
		};
		2F45B824260120120089DB19 /* Debug */ = {
			isa = XCBuildConfiguration;
			buildSettings = {
				ASSETCATALOG_COMPILER_APPICON_NAME = AppIcon;
				ASSETCATALOG_COMPILER_GLOBAL_ACCENT_COLOR_NAME = AccentColor;
				CODE_SIGN_STYLE = Automatic;
				DEVELOPMENT_TEAM = D299UT7GAB;
				INFOPLIST_FILE = BootcampMagic/Info.plist;
				LD_RUNPATH_SEARCH_PATHS = (
					"$(inherited)",
					"@executable_path/Frameworks",
				);
				PRODUCT_BUNDLE_IDENTIFIER = com.paulovictor.BootcampMagic;
				PRODUCT_NAME = "$(TARGET_NAME)";
				SWIFT_VERSION = 5.0;
				TARGETED_DEVICE_FAMILY = "1,2";
			};
			name = Debug;
		};
		2F45B825260120120089DB19 /* Release */ = {
			isa = XCBuildConfiguration;
			buildSettings = {
				ASSETCATALOG_COMPILER_APPICON_NAME = AppIcon;
				ASSETCATALOG_COMPILER_GLOBAL_ACCENT_COLOR_NAME = AccentColor;
				CODE_SIGN_STYLE = Automatic;
				DEVELOPMENT_TEAM = D299UT7GAB;
				INFOPLIST_FILE = BootcampMagic/Info.plist;
				LD_RUNPATH_SEARCH_PATHS = (
					"$(inherited)",
					"@executable_path/Frameworks",
				);
				PRODUCT_BUNDLE_IDENTIFIER = com.paulovictor.BootcampMagic;
				PRODUCT_NAME = "$(TARGET_NAME)";
				SWIFT_VERSION = 5.0;
				TARGETED_DEVICE_FAMILY = "1,2";
			};
			name = Release;
		};
		2F45B827260120120089DB19 /* Debug */ = {
			isa = XCBuildConfiguration;
			buildSettings = {
				ALWAYS_EMBED_SWIFT_STANDARD_LIBRARIES = YES;
				BUNDLE_LOADER = "$(TEST_HOST)";
				CODE_SIGN_STYLE = Automatic;
				DEVELOPMENT_TEAM = D299UT7GAB;
				INFOPLIST_FILE = BootcampMagicTests/Info.plist;
				IPHONEOS_DEPLOYMENT_TARGET = 14.4;
				LD_RUNPATH_SEARCH_PATHS = (
					"$(inherited)",
					"@executable_path/Frameworks",
					"@loader_path/Frameworks",
				);
				PRODUCT_BUNDLE_IDENTIFIER = com.paulovictor.BootcampMagicTests;
				PRODUCT_NAME = "$(TARGET_NAME)";
				SWIFT_VERSION = 5.0;
				TARGETED_DEVICE_FAMILY = "1,2";
				TEST_HOST = "$(BUILT_PRODUCTS_DIR)/BootcampMagic.app/BootcampMagic";
			};
			name = Debug;
		};
		2F45B828260120120089DB19 /* Release */ = {
			isa = XCBuildConfiguration;
			buildSettings = {
				ALWAYS_EMBED_SWIFT_STANDARD_LIBRARIES = YES;
				BUNDLE_LOADER = "$(TEST_HOST)";
				CODE_SIGN_STYLE = Automatic;
				DEVELOPMENT_TEAM = D299UT7GAB;
				INFOPLIST_FILE = BootcampMagicTests/Info.plist;
				IPHONEOS_DEPLOYMENT_TARGET = 14.4;
				LD_RUNPATH_SEARCH_PATHS = (
					"$(inherited)",
					"@executable_path/Frameworks",
					"@loader_path/Frameworks",
				);
				PRODUCT_BUNDLE_IDENTIFIER = com.paulovictor.BootcampMagicTests;
				PRODUCT_NAME = "$(TARGET_NAME)";
				SWIFT_VERSION = 5.0;
				TARGETED_DEVICE_FAMILY = "1,2";
				TEST_HOST = "$(BUILT_PRODUCTS_DIR)/BootcampMagic.app/BootcampMagic";
			};
			name = Release;
		};
		2F45B82A260120120089DB19 /* Debug */ = {
			isa = XCBuildConfiguration;
			buildSettings = {
				ALWAYS_EMBED_SWIFT_STANDARD_LIBRARIES = YES;
				CODE_SIGN_STYLE = Automatic;
				DEVELOPMENT_TEAM = D299UT7GAB;
				INFOPLIST_FILE = BootcampMagicUITests/Info.plist;
				LD_RUNPATH_SEARCH_PATHS = (
					"$(inherited)",
					"@executable_path/Frameworks",
					"@loader_path/Frameworks",
				);
				PRODUCT_BUNDLE_IDENTIFIER = com.paulovictor.BootcampMagicUITests;
				PRODUCT_NAME = "$(TARGET_NAME)";
				SWIFT_VERSION = 5.0;
				TARGETED_DEVICE_FAMILY = "1,2";
				TEST_TARGET_NAME = BootcampMagic;
			};
			name = Debug;
		};
		2F45B82B260120120089DB19 /* Release */ = {
			isa = XCBuildConfiguration;
			buildSettings = {
				ALWAYS_EMBED_SWIFT_STANDARD_LIBRARIES = YES;
				CODE_SIGN_STYLE = Automatic;
				DEVELOPMENT_TEAM = D299UT7GAB;
				INFOPLIST_FILE = BootcampMagicUITests/Info.plist;
				LD_RUNPATH_SEARCH_PATHS = (
					"$(inherited)",
					"@executable_path/Frameworks",
					"@loader_path/Frameworks",
				);
				PRODUCT_BUNDLE_IDENTIFIER = com.paulovictor.BootcampMagicUITests;
				PRODUCT_NAME = "$(TARGET_NAME)";
				SWIFT_VERSION = 5.0;
				TARGETED_DEVICE_FAMILY = "1,2";
				TEST_TARGET_NAME = BootcampMagic;
			};
			name = Release;
		};
/* End XCBuildConfiguration section */

/* Begin XCConfigurationList section */
		2F45B7F12601200F0089DB19 /* Build configuration list for PBXProject "BootcampMagic" */ = {
			isa = XCConfigurationList;
			buildConfigurations = (
				2F45B821260120120089DB19 /* Debug */,
				2F45B822260120120089DB19 /* Release */,
			);
			defaultConfigurationIsVisible = 0;
			defaultConfigurationName = Release;
		};
		2F45B823260120120089DB19 /* Build configuration list for PBXNativeTarget "BootcampMagic" */ = {
			isa = XCConfigurationList;
			buildConfigurations = (
				2F45B824260120120089DB19 /* Debug */,
				2F45B825260120120089DB19 /* Release */,
			);
			defaultConfigurationIsVisible = 0;
			defaultConfigurationName = Release;
		};
		2F45B826260120120089DB19 /* Build configuration list for PBXNativeTarget "BootcampMagicTests" */ = {
			isa = XCConfigurationList;
			buildConfigurations = (
				2F45B827260120120089DB19 /* Debug */,
				2F45B828260120120089DB19 /* Release */,
			);
			defaultConfigurationIsVisible = 0;
			defaultConfigurationName = Release;
		};
		2F45B829260120120089DB19 /* Build configuration list for PBXNativeTarget "BootcampMagicUITests" */ = {
			isa = XCConfigurationList;
			buildConfigurations = (
				2F45B82A260120120089DB19 /* Debug */,
				2F45B82B260120120089DB19 /* Release */,
			);
			defaultConfigurationIsVisible = 0;
			defaultConfigurationName = Release;
		};
/* End XCConfigurationList section */

/* Begin XCRemoteSwiftPackageReference section */
		2F68264A2603D11900487187 /* XCRemoteSwiftPackageReference "SnapKit" */ = {
			isa = XCRemoteSwiftPackageReference;
			repositoryURL = "https://github.com/SnapKit/SnapKit.git";
			requirement = {
				kind = exactVersion;
				version = 5.0.1;
			};
		};
		2F6EFD2E260B7A160011F6A9 /* XCRemoteSwiftPackageReference "Kingfisher" */ = {
			isa = XCRemoteSwiftPackageReference;
			repositoryURL = "https://github.com/onevcat/Kingfisher.git";
			requirement = {
				kind = exactVersion;
				version = 6.2.1;
			};
		};
/* End XCRemoteSwiftPackageReference section */

/* Begin XCSwiftPackageProductDependency section */
		2F68264B2603D11900487187 /* SnapKit */ = {
			isa = XCSwiftPackageProductDependency;
			package = 2F68264A2603D11900487187 /* XCRemoteSwiftPackageReference "SnapKit" */;
			productName = SnapKit;
		};
		2F6EFD2F260B7A160011F6A9 /* Kingfisher */ = {
			isa = XCSwiftPackageProductDependency;
			package = 2F6EFD2E260B7A160011F6A9 /* XCRemoteSwiftPackageReference "Kingfisher" */;
			productName = Kingfisher;
		};
/* End XCSwiftPackageProductDependency section */

/* Begin XCVersionGroup section */
		2F45B8022601200F0089DB19 /* BootcampMagic.xcdatamodeld */ = {
			isa = XCVersionGroup;
			children = (
				2F45B8032601200F0089DB19 /* BootcampMagic.xcdatamodel */,
			);
			currentVersion = 2F45B8032601200F0089DB19 /* BootcampMagic.xcdatamodel */;
			path = BootcampMagic.xcdatamodeld;
			sourceTree = "<group>";
			versionGroupType = wrapper.xcdatamodel;
		};
/* End XCVersionGroup section */
	};
	rootObject = 2F45B7EE2601200F0089DB19 /* Project object */;
}
